
Microsoft Visual Studio Solution File, Format Version 12.00
# Visual Studio 14
VisualStudioVersion = 14.0.22823.1
MinimumVisualStudioVersion = 10.0.40219.1
Project("{FAE04EC0-301F-11D3-BF4B-00C04F79EFBC}") = "MCSDTest1.Test1", "MCSDTest1.Test1\MCSDTest1.Test1.csproj", "{3CAD4EB6-BB6D-448E-A592-26AEE771F53A}"
EndProject
Project("{FAE04EC0-301F-11D3-BF4B-00C04F79EFBC}") = "MCSDTest2", "MCSDTest2\MCSDTest2.csproj", "{26544F03-4CA0-483D-AD3E-1FFB13A01A81}"
EndProject
Project("{FAE04EC0-301F-11D3-BF4B-00C04F79EFBC}") = "Nutshell.Ch1", "Nutshell.Ch1\Nutshell.Ch1.csproj", "{AA3B9F42-6E2F-407F-9461-423A38C15321}"
EndProject
Project("{FAE04EC0-301F-11D3-BF4B-00C04F79EFBC}") = "Nutshell.Ch3", "Nutshell.Ch3\Nutshell.Ch3.csproj", "{0945F929-9DA3-4C2A-86CE-34F3EE555BC4}"
EndProject
Project("{FAE04EC0-301F-11D3-BF4B-00C04F79EFBC}") = "Nutshell.Ch4", "Nutshell.Ch4\Nutshell.Ch4.csproj", "{402C10E6-73E4-4D6C-95C8-B78D801F8BD6}"
EndProject
Global
	GlobalSection(SolutionConfigurationPlatforms) = preSolution
		Debug|Any CPU = Debug|Any CPU
		Release|Any CPU = Release|Any CPU
	EndGlobalSection
	GlobalSection(ProjectConfigurationPlatforms) = postSolution
		{3CAD4EB6-BB6D-448E-A592-26AEE771F53A}.Debug|Any CPU.ActiveCfg = Debug|Any CPU
		{3CAD4EB6-BB6D-448E-A592-26AEE771F53A}.Debug|Any CPU.Build.0 = Debug|Any CPU
		{3CAD4EB6-BB6D-448E-A592-26AEE771F53A}.Release|Any CPU.ActiveCfg = Release|Any CPU
		{3CAD4EB6-BB6D-448E-A592-26AEE771F53A}.Release|Any CPU.Build.0 = Release|Any CPU
		{26544F03-4CA0-483D-AD3E-1FFB13A01A81}.Debug|Any CPU.ActiveCfg = Debug|Any CPU
		{26544F03-4CA0-483D-AD3E-1FFB13A01A81}.Debug|Any CPU.Build.0 = Debug|Any CPU
		{26544F03-4CA0-483D-AD3E-1FFB13A01A81}.Release|Any CPU.ActiveCfg = Release|Any CPU
		{26544F03-4CA0-483D-AD3E-1FFB13A01A81}.Release|Any CPU.Build.0 = Release|Any CPU
		{AA3B9F42-6E2F-407F-9461-423A38C15321}.Debug|Any CPU.ActiveCfg = Debug|Any CPU
		{AA3B9F42-6E2F-407F-9461-423A38C15321}.Debug|Any CPU.Build.0 = Debug|Any CPU
		{AA3B9F42-6E2F-407F-9461-423A38C15321}.Release|Any CPU.ActiveCfg = Release|Any CPU
		{AA3B9F42-6E2F-407F-9461-423A38C15321}.Release|Any CPU.Build.0 = Release|Any CPU
		{0945F929-9DA3-4C2A-86CE-34F3EE555BC4}.Debug|Any CPU.ActiveCfg = Debug|Any CPU
		{0945F929-9DA3-4C2A-86CE-34F3EE555BC4}.Debug|Any CPU.Build.0 = Debug|Any CPU
		{0945F929-9DA3-4C2A-86CE-34F3EE555BC4}.Release|Any CPU.ActiveCfg = Release|Any CPU
		{0945F929-9DA3-4C2A-86CE-34F3EE555BC4}.Release|Any CPU.Build.0 = Release|Any CPU
		{402C10E6-73E4-4D6C-95C8-B78D801F8BD6}.Debug|Any CPU.ActiveCfg = Debug|Any CPU
		{402C10E6-73E4-4D6C-95C8-B78D801F8BD6}.Debug|Any CPU.Build.0 = Debug|Any CPU
		{402C10E6-73E4-4D6C-95C8-B78D801F8BD6}.Release|Any CPU.ActiveCfg = Release|Any CPU
		{402C10E6-73E4-4D6C-95C8-B78D801F8BD6}.Release|Any CPU.Build.0 = Release|Any CPU
	EndGlobalSection
	GlobalSection(SolutionProperties) = preSolution
		HideSolutionNode = FALSE
	EndGlobalSection
EndGlobal
